
Microsoft Visual Studio Solution File, Format Version 11.00
# Visual Studio 2010
Project("{FAE04EC0-301F-11D3-BF4B-00C04F79EFBC}") = "FadeTrimming.Wpf", "FadeTrimming.Wpf\FadeTrimming.Wpf.csproj", "{AC8BCAE6-8DEA-4818-B940-1D42EFE087B4}"
EndProject
Project("{FAE04EC0-301F-11D3-BF4B-00C04F79EFBC}") = "FadeTrimmingDemo.Silverlight", "FadeTrimmingDemo.Silverlight\FadeTrimmingDemo.Silverlight.csproj", "{8841310E-8340-4C12-A313-0A1ACA6065CF}"
EndProject
Global
	GlobalSection(SolutionConfigurationPlatforms) = preSolution
		Debug|Any CPU = Debug|Any CPU
		Debug|Mixed Platforms = Debug|Mixed Platforms
		Debug|x86 = Debug|x86
		Release|Any CPU = Release|Any CPU
		Release|Mixed Platforms = Release|Mixed Platforms
		Release|x86 = Release|x86
	EndGlobalSection
	GlobalSection(ProjectConfigurationPlatforms) = postSolution
		{AC8BCAE6-8DEA-4818-B940-1D42EFE087B4}.Debug|Any CPU.ActiveCfg = Debug|x86
		{AC8BCAE6-8DEA-4818-B940-1D42EFE087B4}.Debug|Mixed Platforms.ActiveCfg = Debug|x86
		{AC8BCAE6-8DEA-4818-B940-1D42EFE087B4}.Debug|Mixed Platforms.Build.0 = Debug|x86
		{AC8BCAE6-8DEA-4818-B940-1D42EFE087B4}.Debug|x86.ActiveCfg = Debug|x86
		{AC8BCAE6-8DEA-4818-B940-1D42EFE087B4}.Debug|x86.Build.0 = Debug|x86
		{AC8BCAE6-8DEA-4818-B940-1D42EFE087B4}.Release|Any CPU.ActiveCfg = Release|x86
		{AC8BCAE6-8DEA-4818-B940-1D42EFE087B4}.Release|Mixed Platforms.ActiveCfg = Release|x86
		{AC8BCAE6-8DEA-4818-B940-1D42EFE087B4}.Release|Mixed Platforms.Build.0 = Release|x86
		{AC8BCAE6-8DEA-4818-B940-1D42EFE087B4}.Release|x86.ActiveCfg = Release|x86
		{AC8BCAE6-8DEA-4818-B940-1D42EFE087B4}.Release|x86.Build.0 = Release|x86
		{8841310E-8340-4C12-A313-0A1ACA6065CF}.Debug|Any CPU.ActiveCfg = Debug|Any CPU
		{8841310E-8340-4C12-A313-0A1ACA6065CF}.Debug|Any CPU.Build.0 = Debug|Any CPU
		{8841310E-8340-4C12-A313-0A1ACA6065CF}.Debug|Mixed Platforms.ActiveCfg = Debug|Any CPU
		{8841310E-8340-4C12-A313-0A1ACA6065CF}.Debug|Mixed Platforms.Build.0 = Debug|Any CPU
		{8841310E-8340-4C12-A313-0A1ACA6065CF}.Debug|x86.ActiveCfg = Debug|Any CPU
		{8841310E-8340-4C12-A313-0A1ACA6065CF}.Release|Any CPU.ActiveCfg = Release|Any CPU
		{8841310E-8340-4C12-A313-0A1ACA6065CF}.Release|Any CPU.Build.0 = Release|Any CPU
		{8841310E-8340-4C12-A313-0A1ACA6065CF}.Release|Mixed Platforms.ActiveCfg = Release|Any CPU
		{8841310E-8340-4C12-A313-0A1ACA6065CF}.Release|Mixed Platforms.Build.0 = Release|Any CPU
		{8841310E-8340-4C12-A313-0A1ACA6065CF}.Release|x86.ActiveCfg = Release|Any CPU
	EndGlobalSection
	GlobalSection(SolutionProperties) = preSolution
		HideSolutionNode = FALSE
	EndGlobalSection
EndGlobal
